
Microsoft Visual Studio Solution File, Format Version 12.00
# Visual Studio 2013
VisualStudioVersion = 12.0.31101.0
MinimumVisualStudioVersion = 10.0.40219.1
Project("{2150E333-8FDC-42A3-9474-1A3956D46DE8}") = ".nuget", ".nuget", "{C9AC332F-BEFA-4A8A-96FB-82C526CD3E87}"
	ProjectSection(SolutionItems) = preProject
		.nuget\NuGet.Config = .nuget\NuGet.Config
		.nuget\NuGet.exe = .nuget\NuGet.exe
		.nuget\NuGet.targets = .nuget\NuGet.targets
		.nuget\packages.config = .nuget\packages.config
	EndProjectSection
EndProject
Project("{2150E333-8FDC-42A3-9474-1A3956D46DE8}") = "10 UI", "10 UI", "{2AD7B078-F335-473E-A87B-C8E46B944398}"
EndProject
Project("{2150E333-8FDC-42A3-9474-1A3956D46DE8}") = "20 Domain", "20 Domain", "{003492C3-79B2-464F-A037-B0D63A8EAF1D}"
	ProjectSection(SolutionItems) = preProject
		BC.EQCS.Domain\Incident\IValidationBuilder.cs = BC.EQCS.Domain\Incident\IValidationBuilder.cs
		BC.EQCS.Domain\Incident\IValidationBuilderFactory.cs = BC.EQCS.Domain\Incident\IValidationBuilderFactory.cs
	EndProjectSection
EndProject
Project("{2150E333-8FDC-42A3-9474-1A3956D46DE8}") = "30 Infrastructure", "30 Infrastructure", "{A88B4A6F-7026-460D-AF59-D45CA2BF22C3}"
EndProject
Project("{2150E333-8FDC-42A3-9474-1A3956D46DE8}") = "40 Testing", "40 Testing", "{90C79E27-A7E8-40C6-8C54-012279C2C046}"
EndProject
Project("{00D1A9C2-B5F0-4AF3-8072-F6C62B433612}") = "BC.EQCS.Database", "BC.EQCS.Db\BC.EQCS.Database.sqlproj", "{7453BDA7-F6A2-4460-AB35-2B8B284D7C8D}"
EndProject
Project("{FAE04EC0-301F-11D3-BF4B-00C04F79EFBC}") = "BC.EQCS.Repositories", "BC.EQCS.Repositories\BC.EQCS.Repositories.csproj", "{F3D4AD6D-EFE4-4CAE-8FE8-061F49721EB1}"
EndProject
Project("{FAE04EC0-301F-11D3-BF4B-00C04F79EFBC}") = "BC.EQCS.Contracts", "BC.EQCS.Contracts\BC.EQCS.Contracts.csproj", "{4D8A39B2-767F-44AC-AD76-4739C51E9F39}"
EndProject
Project("{FAE04EC0-301F-11D3-BF4B-00C04F79EFBC}") = "BC.EQCS.Models", "BC.EQCS.Models\BC.EQCS.Models.csproj", "{5A296B6D-B5DA-4117-8F24-F2E66637C6B1}"
EndProject
Project("{FAE04EC0-301F-11D3-BF4B-00C04F79EFBC}") = "BC.EQCS.Utils", "BC.EQCS.Utils\BC.EQCS.Utils.csproj", "{6255022E-D07D-4DC0-8615-FD3BD175FBDC}"
EndProject
Project("{FAE04EC0-301F-11D3-BF4B-00C04F79EFBC}") = "BC.EQCS.Domain", "BC.EQCS.Domain\BC.EQCS.Domain.csproj", "{D48F5AD2-32F9-4E41-9A3C-EA3B33E3B83C}"
EndProject
Project("{FAE04EC0-301F-11D3-BF4B-00C04F79EFBC}") = "BC.EQCS.Web", "BC.EQCS.Web\BC.EQCS.Web.csproj", "{B35A5E86-A9AE-4719-98DC-5B5D5767944A}"
EndProject
Project("{FAE04EC0-301F-11D3-BF4B-00C04F79EFBC}") = "BC.EQCS.Web.UI.StyleGuide", "BC.EQCS.Web.UI.StyleGuide\BC.EQCS.Web.UI.StyleGuide.csproj", "{43DBDB1A-97D8-4FAE-A34D-4B95EFC308DE}"
EndProject
Project("{FAE04EC0-301F-11D3-BF4B-00C04F79EFBC}") = "BC.EQCS.Integration", "BC.EQCS.Integration\BC.EQCS.Integration.csproj", "{9F70FA33-226B-487D-9F43-D5E05F541900}"
EndProject
Project("{FAE04EC0-301F-11D3-BF4B-00C04F79EFBC}") = "BC.EQCS.Workflow", "BC.EQCS.Workflow\BC.EQCS.Workflow.csproj", "{CF4E726F-00DD-4095-809B-14E630884D47}"
EndProject
Project("{FAE04EC0-301F-11D3-BF4B-00C04F79EFBC}") = "BC.EQCS.UnitTests", "BC.EQCS.UnitTests\BC.EQCS.UnitTests.csproj", "{ABCAEE98-C1C8-46A9-979D-3720F0C0AF2C}"
EndProject
Project("{FAE04EC0-301F-11D3-BF4B-00C04F79EFBC}") = "BC.EQCS.DataTransfer", "BC.EQCS.DataTransfer\BC.EQCS.DataTransfer.csproj", "{02050247-769D-40A3-A6D4-5195E33DFF2D}"
EndProject
Project("{FAE04EC0-301F-11D3-BF4B-00C04F79EFBC}") = "BC.EQCS.Security", "BC.EQCS.Security\BC.EQCS.Security.csproj", "{C05D97CF-8B54-4141-BC7E-9048F4EF4052}"
EndProject
Project("{FAE04EC0-301F-11D3-BF4B-00C04F79EFBC}") = "BC.EQCS.Web.UnitTest", "BC.EQCS.Web.UnitTest\BC.EQCS.Web.UnitTest.csproj", "{710A6D4E-5B13-4B47-92EF-EFD8D66FB2FF}"
EndProject
Project("{FAE04EC0-301F-11D3-BF4B-00C04F79EFBC}") = "BC.EQCS.Entities", "BC.EQCS.Entities\BC.EQCS.Entities.csproj", "{B5BCFBF3-5EF9-40FB-B624-85FA89089A5D}"
EndProject
Project("{FAE04EC0-301F-11D3-BF4B-00C04F79EFBC}") = "BC.EQCS.Models.Enums", "BC.EQCS.Models.Enums\BC.EQCS.Models.Enums.csproj", "{68393F44-B52B-4BD0-B1A0-75835BBD8178}"
EndProject
Project("{2150E333-8FDC-42A3-9474-1A3956D46DE8}") = "50 Aspects", "50 Aspects", "{D81B571B-537C-4471-8902-DD154EBFEFFD}"
EndProject
Project("{FAE04EC0-301F-11D3-BF4B-00C04F79EFBC}") = "BC.EQCS.ActivityLog", "BC.EQCS.ActivityLog\BC.EQCS.ActivityLog.csproj", "{2380FA08-6F69-43FC-85CF-9FE0BF1EE393}"
EndProject
Project("{FAE04EC0-301F-11D3-BF4B-00C04F79EFBC}") = "BC.EQCS.Notifications", "BC.EQCS.Notifications\BC.EQCS.Notifications.csproj", "{B2EC619C-22EA-4275-92A8-EA97C5E7436F}"
EndProject
Project("{FAE04EC0-301F-11D3-BF4B-00C04F79EFBC}") = "BC.EQCS.Models.Extensions", "BC.EQCS.Models.Extensions\BC.EQCS.Models.Extensions.csproj", "{F3E6BAB6-C6DC-4B44-B8D6-B9E461AF0A69}"
EndProject
Global
	GlobalSection(SolutionConfigurationPlatforms) = preSolution
		Debug|Any CPU = Debug|Any CPU
		Development|Any CPU = Development|Any CPU
		Release|Any CPU = Release|Any CPU
	EndGlobalSection
	GlobalSection(ProjectConfigurationPlatforms) = postSolution
		{7453BDA7-F6A2-4460-AB35-2B8B284D7C8D}.Debug|Any CPU.ActiveCfg = Debug|Any CPU
		{7453BDA7-F6A2-4460-AB35-2B8B284D7C8D}.Debug|Any CPU.Build.0 = Debug|Any CPU
		{7453BDA7-F6A2-4460-AB35-2B8B284D7C8D}.Debug|Any CPU.Deploy.0 = Debug|Any CPU
		{7453BDA7-F6A2-4460-AB35-2B8B284D7C8D}.Development|Any CPU.ActiveCfg = Debug|Any CPU
		{7453BDA7-F6A2-4460-AB35-2B8B284D7C8D}.Development|Any CPU.Build.0 = Debug|Any CPU
		{7453BDA7-F6A2-4460-AB35-2B8B284D7C8D}.Development|Any CPU.Deploy.0 = Debug|Any CPU
		{7453BDA7-F6A2-4460-AB35-2B8B284D7C8D}.Release|Any CPU.ActiveCfg = Release|Any CPU
		{7453BDA7-F6A2-4460-AB35-2B8B284D7C8D}.Release|Any CPU.Build.0 = Release|Any CPU
		{7453BDA7-F6A2-4460-AB35-2B8B284D7C8D}.Release|Any CPU.Deploy.0 = Release|Any CPU
		{F3D4AD6D-EFE4-4CAE-8FE8-061F49721EB1}.Debug|Any CPU.ActiveCfg = Debug|Any CPU
		{F3D4AD6D-EFE4-4CAE-8FE8-061F49721EB1}.Debug|Any CPU.Build.0 = Debug|Any CPU
		{F3D4AD6D-EFE4-4CAE-8FE8-061F49721EB1}.Development|Any CPU.ActiveCfg = Development|Any CPU
		{F3D4AD6D-EFE4-4CAE-8FE8-061F49721EB1}.Development|Any CPU.Build.0 = Development|Any CPU
		{F3D4AD6D-EFE4-4CAE-8FE8-061F49721EB1}.Release|Any CPU.ActiveCfg = Release|Any CPU
		{F3D4AD6D-EFE4-4CAE-8FE8-061F49721EB1}.Release|Any CPU.Build.0 = Release|Any CPU
		{4D8A39B2-767F-44AC-AD76-4739C51E9F39}.Debug|Any CPU.ActiveCfg = Debug|Any CPU
		{4D8A39B2-767F-44AC-AD76-4739C51E9F39}.Debug|Any CPU.Build.0 = Debug|Any CPU
		{4D8A39B2-767F-44AC-AD76-4739C51E9F39}.Development|Any CPU.ActiveCfg = Development|Any CPU
		{4D8A39B2-767F-44AC-AD76-4739C51E9F39}.Development|Any CPU.Build.0 = Development|Any CPU
		{4D8A39B2-767F-44AC-AD76-4739C51E9F39}.Release|Any CPU.ActiveCfg = Release|Any CPU
		{4D8A39B2-767F-44AC-AD76-4739C51E9F39}.Release|Any CPU.Build.0 = Release|Any CPU
		{5A296B6D-B5DA-4117-8F24-F2E66637C6B1}.Debug|Any CPU.ActiveCfg = Debug|Any CPU
		{5A296B6D-B5DA-4117-8F24-F2E66637C6B1}.Debug|Any CPU.Build.0 = Debug|Any CPU
		{5A296B6D-B5DA-4117-8F24-F2E66637C6B1}.Development|Any CPU.ActiveCfg = Development|Any CPU
		{5A296B6D-B5DA-4117-8F24-F2E66637C6B1}.Development|Any CPU.Build.0 = Development|Any CPU
		{5A296B6D-B5DA-4117-8F24-F2E66637C6B1}.Release|Any CPU.ActiveCfg = Release|Any CPU
		{5A296B6D-B5DA-4117-8F24-F2E66637C6B1}.Release|Any CPU.Build.0 = Release|Any CPU
		{6255022E-D07D-4DC0-8615-FD3BD175FBDC}.Debug|Any CPU.ActiveCfg = Debug|Any CPU
		{6255022E-D07D-4DC0-8615-FD3BD175FBDC}.Debug|Any CPU.Build.0 = Debug|Any CPU
		{6255022E-D07D-4DC0-8615-FD3BD175FBDC}.Development|Any CPU.ActiveCfg = Development|Any CPU
		{6255022E-D07D-4DC0-8615-FD3BD175FBDC}.Development|Any CPU.Build.0 = Development|Any CPU
		{6255022E-D07D-4DC0-8615-FD3BD175FBDC}.Release|Any CPU.ActiveCfg = Release|Any CPU
		{6255022E-D07D-4DC0-8615-FD3BD175FBDC}.Release|Any CPU.Build.0 = Release|Any CPU
		{D48F5AD2-32F9-4E41-9A3C-EA3B33E3B83C}.Debug|Any CPU.ActiveCfg = Debug|Any CPU
		{D48F5AD2-32F9-4E41-9A3C-EA3B33E3B83C}.Debug|Any CPU.Build.0 = Debug|Any CPU
		{D48F5AD2-32F9-4E41-9A3C-EA3B33E3B83C}.Development|Any CPU.ActiveCfg = Development|Any CPU
		{D48F5AD2-32F9-4E41-9A3C-EA3B33E3B83C}.Development|Any CPU.Build.0 = Development|Any CPU
		{D48F5AD2-32F9-4E41-9A3C-EA3B33E3B83C}.Release|Any CPU.ActiveCfg = Release|Any CPU
		{D48F5AD2-32F9-4E41-9A3C-EA3B33E3B83C}.Release|Any CPU.Build.0 = Release|Any CPU
		{B35A5E86-A9AE-4719-98DC-5B5D5767944A}.Debug|Any CPU.ActiveCfg = Debug|Any CPU
		{B35A5E86-A9AE-4719-98DC-5B5D5767944A}.Debug|Any CPU.Build.0 = Debug|Any CPU
		{B35A5E86-A9AE-4719-98DC-5B5D5767944A}.Development|Any CPU.ActiveCfg = Development|Any CPU
		{B35A5E86-A9AE-4719-98DC-5B5D5767944A}.Development|Any CPU.Build.0 = Development|Any CPU
		{B35A5E86-A9AE-4719-98DC-5B5D5767944A}.Release|Any CPU.ActiveCfg = Release|Any CPU
		{B35A5E86-A9AE-4719-98DC-5B5D5767944A}.Release|Any CPU.Build.0 = Release|Any CPU
		{43DBDB1A-97D8-4FAE-A34D-4B95EFC308DE}.Debug|Any CPU.ActiveCfg = Debug|Any CPU
		{43DBDB1A-97D8-4FAE-A34D-4B95EFC308DE}.Debug|Any CPU.Build.0 = Debug|Any CPU
		{43DBDB1A-97D8-4FAE-A34D-4B95EFC308DE}.Development|Any CPU.ActiveCfg = Development|Any CPU
		{43DBDB1A-97D8-4FAE-A34D-4B95EFC308DE}.Development|Any CPU.Build.0 = Development|Any CPU
		{43DBDB1A-97D8-4FAE-A34D-4B95EFC308DE}.Release|Any CPU.ActiveCfg = Release|Any CPU
		{43DBDB1A-97D8-4FAE-A34D-4B95EFC308DE}.Release|Any CPU.Build.0 = Release|Any CPU
		{9F70FA33-226B-487D-9F43-D5E05F541900}.Debug|Any CPU.ActiveCfg = Debug|Any CPU
		{9F70FA33-226B-487D-9F43-D5E05F541900}.Debug|Any CPU.Build.0 = Debug|Any CPU
		{9F70FA33-226B-487D-9F43-D5E05F541900}.Development|Any CPU.ActiveCfg = Development|Any CPU
		{9F70FA33-226B-487D-9F43-D5E05F541900}.Development|Any CPU.Build.0 = Development|Any CPU
		{9F70FA33-226B-487D-9F43-D5E05F541900}.Release|Any CPU.ActiveCfg = Release|Any CPU
		{9F70FA33-226B-487D-9F43-D5E05F541900}.Release|Any CPU.Build.0 = Release|Any CPU
		{CF4E726F-00DD-4095-809B-14E630884D47}.Debug|Any CPU.ActiveCfg = Debug|Any CPU
		{CF4E726F-00DD-4095-809B-14E630884D47}.Debug|Any CPU.Build.0 = Debug|Any CPU
		{CF4E726F-00DD-4095-809B-14E630884D47}.Development|Any CPU.ActiveCfg = Development|Any CPU
		{CF4E726F-00DD-4095-809B-14E630884D47}.Development|Any CPU.Build.0 = Development|Any CPU
		{CF4E726F-00DD-4095-809B-14E630884D47}.Release|Any CPU.ActiveCfg = Release|Any CPU
		{CF4E726F-00DD-4095-809B-14E630884D47}.Release|Any CPU.Build.0 = Release|Any CPU
		{ABCAEE98-C1C8-46A9-979D-3720F0C0AF2C}.Debug|Any CPU.ActiveCfg = Debug|Any CPU
		{ABCAEE98-C1C8-46A9-979D-3720F0C0AF2C}.Debug|Any CPU.Build.0 = Debug|Any CPU
		{ABCAEE98-C1C8-46A9-979D-3720F0C0AF2C}.Development|Any CPU.ActiveCfg = Development|Any CPU
		{ABCAEE98-C1C8-46A9-979D-3720F0C0AF2C}.Development|Any CPU.Build.0 = Development|Any CPU
		{ABCAEE98-C1C8-46A9-979D-3720F0C0AF2C}.Release|Any CPU.ActiveCfg = Release|Any CPU
		{ABCAEE98-C1C8-46A9-979D-3720F0C0AF2C}.Release|Any CPU.Build.0 = Release|Any CPU
		{02050247-769D-40A3-A6D4-5195E33DFF2D}.Debug|Any CPU.ActiveCfg = Debug|Any CPU
		{02050247-769D-40A3-A6D4-5195E33DFF2D}.Debug|Any CPU.Build.0 = Debug|Any CPU
		{02050247-769D-40A3-A6D4-5195E33DFF2D}.Development|Any CPU.ActiveCfg = Development|Any CPU
		{02050247-769D-40A3-A6D4-5195E33DFF2D}.Development|Any CPU.Build.0 = Development|Any CPU
		{02050247-769D-40A3-A6D4-5195E33DFF2D}.Release|Any CPU.ActiveCfg = Release|Any CPU
		{02050247-769D-40A3-A6D4-5195E33DFF2D}.Release|Any CPU.Build.0 = Release|Any CPU
		{C05D97CF-8B54-4141-BC7E-9048F4EF4052}.Debug|Any CPU.ActiveCfg = Debug|Any CPU
		{C05D97CF-8B54-4141-BC7E-9048F4EF4052}.Debug|Any CPU.Build.0 = Debug|Any CPU
		{C05D97CF-8B54-4141-BC7E-9048F4EF4052}.Development|Any CPU.ActiveCfg = Development|Any CPU
		{C05D97CF-8B54-4141-BC7E-9048F4EF4052}.Development|Any CPU.Build.0 = Development|Any CPU
		{C05D97CF-8B54-4141-BC7E-9048F4EF4052}.Release|Any CPU.ActiveCfg = Release|Any CPU
		{C05D97CF-8B54-4141-BC7E-9048F4EF4052}.Release|Any CPU.Build.0 = Release|Any CPU
		{710A6D4E-5B13-4B47-92EF-EFD8D66FB2FF}.Debug|Any CPU.ActiveCfg = Debug|Any CPU
		{710A6D4E-5B13-4B47-92EF-EFD8D66FB2FF}.Debug|Any CPU.Build.0 = Debug|Any CPU
		{710A6D4E-5B13-4B47-92EF-EFD8D66FB2FF}.Development|Any CPU.ActiveCfg = Development|Any CPU
		{710A6D4E-5B13-4B47-92EF-EFD8D66FB2FF}.Development|Any CPU.Build.0 = Development|Any CPU
		{710A6D4E-5B13-4B47-92EF-EFD8D66FB2FF}.Release|Any CPU.ActiveCfg = Release|Any CPU
		{710A6D4E-5B13-4B47-92EF-EFD8D66FB2FF}.Release|Any CPU.Build.0 = Release|Any CPU
		{B5BCFBF3-5EF9-40FB-B624-85FA89089A5D}.Debug|Any CPU.ActiveCfg = Debug|Any CPU
		{B5BCFBF3-5EF9-40FB-B624-85FA89089A5D}.Debug|Any CPU.Build.0 = Debug|Any CPU
		{B5BCFBF3-5EF9-40FB-B624-85FA89089A5D}.Development|Any CPU.ActiveCfg = Development|Any CPU
		{B5BCFBF3-5EF9-40FB-B624-85FA89089A5D}.Development|Any CPU.Build.0 = Development|Any CPU
		{B5BCFBF3-5EF9-40FB-B624-85FA89089A5D}.Release|Any CPU.ActiveCfg = Release|Any CPU
		{B5BCFBF3-5EF9-40FB-B624-85FA89089A5D}.Release|Any CPU.Build.0 = Release|Any CPU
		{68393F44-B52B-4BD0-B1A0-75835BBD8178}.Debug|Any CPU.ActiveCfg = Debug|Any CPU
		{68393F44-B52B-4BD0-B1A0-75835BBD8178}.Debug|Any CPU.Build.0 = Debug|Any CPU
		{68393F44-B52B-4BD0-B1A0-75835BBD8178}.Development|Any CPU.ActiveCfg = Development|Any CPU
		{68393F44-B52B-4BD0-B1A0-75835BBD8178}.Development|Any CPU.Build.0 = Development|Any CPU
		{68393F44-B52B-4BD0-B1A0-75835BBD8178}.Release|Any CPU.ActiveCfg = Release|Any CPU
		{68393F44-B52B-4BD0-B1A0-75835BBD8178}.Release|Any CPU.Build.0 = Release|Any CPU
		{2380FA08-6F69-43FC-85CF-9FE0BF1EE393}.Debug|Any CPU.ActiveCfg = Debug|Any CPU
		{2380FA08-6F69-43FC-85CF-9FE0BF1EE393}.Debug|Any CPU.Build.0 = Debug|Any CPU
		{2380FA08-6F69-43FC-85CF-9FE0BF1EE393}.Development|Any CPU.ActiveCfg = Debug|Any CPU
		{2380FA08-6F69-43FC-85CF-9FE0BF1EE393}.Development|Any CPU.Build.0 = Debug|Any CPU
		{2380FA08-6F69-43FC-85CF-9FE0BF1EE393}.Release|Any CPU.ActiveCfg = Release|Any CPU
		{2380FA08-6F69-43FC-85CF-9FE0BF1EE393}.Release|Any CPU.Build.0 = Release|Any CPU
		{B2EC619C-22EA-4275-92A8-EA97C5E7436F}.Debug|Any CPU.ActiveCfg = Debug|Any CPU
		{B2EC619C-22EA-4275-92A8-EA97C5E7436F}.Debug|Any CPU.Build.0 = Debug|Any CPU
		{B2EC619C-22EA-4275-92A8-EA97C5E7436F}.Development|Any CPU.ActiveCfg = Debug|Any CPU
		{B2EC619C-22EA-4275-92A8-EA97C5E7436F}.Development|Any CPU.Build.0 = Debug|Any CPU
		{B2EC619C-22EA-4275-92A8-EA97C5E7436F}.Release|Any CPU.ActiveCfg = Release|Any CPU
		{B2EC619C-22EA-4275-92A8-EA97C5E7436F}.Release|Any CPU.Build.0 = Release|Any CPU
		{F3E6BAB6-C6DC-4B44-B8D6-B9E461AF0A69}.Debug|Any CPU.ActiveCfg = Debug|Any CPU
		{F3E6BAB6-C6DC-4B44-B8D6-B9E461AF0A69}.Debug|Any CPU.Build.0 = Debug|Any CPU
		{F3E6BAB6-C6DC-4B44-B8D6-B9E461AF0A69}.Development|Any CPU.ActiveCfg = Debug|Any CPU
		{F3E6BAB6-C6DC-4B44-B8D6-B9E461AF0A69}.Development|Any CPU.Build.0 = Debug|Any CPU
		{F3E6BAB6-C6DC-4B44-B8D6-B9E461AF0A69}.Release|Any CPU.ActiveCfg = Release|Any CPU
		{F3E6BAB6-C6DC-4B44-B8D6-B9E461AF0A69}.Release|Any CPU.Build.0 = Release|Any CPU
	EndGlobalSection
	GlobalSection(SolutionProperties) = preSolution
		HideSolutionNode = FALSE
	EndGlobalSection
	GlobalSection(NestedProjects) = preSolution
		{7453BDA7-F6A2-4460-AB35-2B8B284D7C8D} = {A88B4A6F-7026-460D-AF59-D45CA2BF22C3}
		{F3D4AD6D-EFE4-4CAE-8FE8-061F49721EB1} = {003492C3-79B2-464F-A037-B0D63A8EAF1D}
		{4D8A39B2-767F-44AC-AD76-4739C51E9F39} = {003492C3-79B2-464F-A037-B0D63A8EAF1D}
		{5A296B6D-B5DA-4117-8F24-F2E66637C6B1} = {003492C3-79B2-464F-A037-B0D63A8EAF1D}
		{D48F5AD2-32F9-4E41-9A3C-EA3B33E3B83C} = {003492C3-79B2-464F-A037-B0D63A8EAF1D}
		{B35A5E86-A9AE-4719-98DC-5B5D5767944A} = {2AD7B078-F335-473E-A87B-C8E46B944398}
		{43DBDB1A-97D8-4FAE-A34D-4B95EFC308DE} = {2AD7B078-F335-473E-A87B-C8E46B944398}
		{9F70FA33-226B-487D-9F43-D5E05F541900} = {90C79E27-A7E8-40C6-8C54-012279C2C046}
		{CF4E726F-00DD-4095-809B-14E630884D47} = {003492C3-79B2-464F-A037-B0D63A8EAF1D}
		{ABCAEE98-C1C8-46A9-979D-3720F0C0AF2C} = {90C79E27-A7E8-40C6-8C54-012279C2C046}
		{02050247-769D-40A3-A6D4-5195E33DFF2D} = {003492C3-79B2-464F-A037-B0D63A8EAF1D}
		{710A6D4E-5B13-4B47-92EF-EFD8D66FB2FF} = {90C79E27-A7E8-40C6-8C54-012279C2C046}
		{B5BCFBF3-5EF9-40FB-B624-85FA89089A5D} = {A88B4A6F-7026-460D-AF59-D45CA2BF22C3}
		{68393F44-B52B-4BD0-B1A0-75835BBD8178} = {003492C3-79B2-464F-A037-B0D63A8EAF1D}
		{2380FA08-6F69-43FC-85CF-9FE0BF1EE393} = {D81B571B-537C-4471-8902-DD154EBFEFFD}
		{B2EC619C-22EA-4275-92A8-EA97C5E7436F} = {003492C3-79B2-464F-A037-B0D63A8EAF1D}
		{F3E6BAB6-C6DC-4B44-B8D6-B9E461AF0A69} = {003492C3-79B2-464F-A037-B0D63A8EAF1D}
	EndGlobalSection
EndGlobal
